// !$*UTF8*$!
{
	archiveVersion = 1;
	classes = {
	};
	objectVersion = 46;
	objects = {

/* Begin PBXBuildFile section */
		4505AA841E89D56D00643ACA /* Filterchain.swift in Sources */ = {isa = PBXBuildFile; fileRef = 4505AA831E89D56D00643ACA /* Filterchain.swift */; };
		4505AA8B1E89DCA600643ACA /* CameraViewController.swift in Sources */ = {isa = PBXBuildFile; fileRef = 4505AA8A1E89DCA600643ACA /* CameraViewController.swift */; };
		450B9E681E02167D0066037E /* SlotView.swift in Sources */ = {isa = PBXBuildFile; fileRef = 450B9E671E02167D0066037E /* SlotView.swift */; };
		452247BC1E9D7D5A00487EBF /* Bolts.framework in Frameworks */ = {isa = PBXBuildFile; fileRef = 452247B81E9D7D5A00487EBF /* Bolts.framework */; };
		452247BD1E9D7D5A00487EBF /* FBSDKCoreKit.framework in Frameworks */ = {isa = PBXBuildFile; fileRef = 452247B91E9D7D5A00487EBF /* FBSDKCoreKit.framework */; };
		452247BE1E9D7D5A00487EBF /* FBSDKLoginKit.framework in Frameworks */ = {isa = PBXBuildFile; fileRef = 452247BA1E9D7D5A00487EBF /* FBSDKLoginKit.framework */; };
		452247BF1E9D7D5A00487EBF /* FBSDKShareKit.framework in Frameworks */ = {isa = PBXBuildFile; fileRef = 452247BB1E9D7D5A00487EBF /* FBSDKShareKit.framework */; };
		452247D01E9DBC2F00487EBF /* captureBtn_1.png in Resources */ = {isa = PBXBuildFile; fileRef = 452247CE1E9DBC2F00487EBF /* captureBtn_1.png */; };
		452247D11E9DBC2F00487EBF /* captureBtn_2.png in Resources */ = {isa = PBXBuildFile; fileRef = 452247CF1E9DBC2F00487EBF /* captureBtn_2.png */; };
		45557FF41E01F9EC008714AD /* crossBtn.png in Resources */ = {isa = PBXBuildFile; fileRef = 45557FF31E01F9EC008714AD /* crossBtn.png */; };
		456CA3761EAF0086003E3541 /* SF-UI-Display-Semibold.otf in Resources */ = {isa = PBXBuildFile; fileRef = 456CA3751EAF0086003E3541 /* SF-UI-Display-Semibold.otf */; };
		456CA37C1EAF0287003E3541 /* SF-UI-Display-Bold.otf in Resources */ = {isa = PBXBuildFile; fileRef = 456CA37B1EAF0287003E3541 /* SF-UI-Display-Bold.otf */; };
		456CA37F1EAFEDE1003E3541 /* backBtn.png in Resources */ = {isa = PBXBuildFile; fileRef = 456CA37E1EAFEDE1003E3541 /* backBtn.png */; };
		456CA3881EB02080003E3541 /* bottomBar.png in Resources */ = {isa = PBXBuildFile; fileRef = 456CA3861EB02080003E3541 /* bottomBar.png */; };
		456CA3891EB02080003E3541 /* topBar.png in Resources */ = {isa = PBXBuildFile; fileRef = 456CA3871EB02080003E3541 /* topBar.png */; };
		456CA38B1EB022A8003E3541 /* playBtn.png in Resources */ = {isa = PBXBuildFile; fileRef = 456CA38A1EB022A8003E3541 /* playBtn.png */; };
		456CA38D1EB02854003E3541 /* trimBtn.png in Resources */ = {isa = PBXBuildFile; fileRef = 456CA38C1EB02854003E3541 /* trimBtn.png */; };
		456CA38F1EB02B66003E3541 /* deleteBtn.png in Resources */ = {isa = PBXBuildFile; fileRef = 456CA38E1EB02B66003E3541 /* deleteBtn.png */; };
		456CA3911EB02C64003E3541 /* fbBtn.png in Resources */ = {isa = PBXBuildFile; fileRef = 456CA3901EB02C64003E3541 /* fbBtn.png */; };
		456CA3951EB101DC003E3541 /* redDot.png in Resources */ = {isa = PBXBuildFile; fileRef = 456CA3931EB101DC003E3541 /* redDot.png */; };
		456CA3961EB101DC003E3541 /* timerBg.png in Resources */ = {isa = PBXBuildFile; fileRef = 456CA3941EB101DC003E3541 /* timerBg.png */; };
		456CA39C1EB102A9003E3541 /* TimerView.swift in Sources */ = {isa = PBXBuildFile; fileRef = 456CA39B1EB102A9003E3541 /* TimerView.swift */; };
		45A5B5351E92B9240056825A /* ToyViewController.swift in Sources */ = {isa = PBXBuildFile; fileRef = 45A5B5341E92B9240056825A /* ToyViewController.swift */; };
		45A9879A1E7492AE00934AB4 /* GPUImage.framework in Frameworks */ = {isa = PBXBuildFile; fileRef = 45A987971E74925300934AB4 /* GPUImage.framework */; };
		45A9879C1E7492F000934AB4 /* GPUImage.framework in CopyFiles */ = {isa = PBXBuildFile; fileRef = 45A987931E74925300934AB4 /* GPUImage.framework */; settings = {ATTRIBUTES = (CodeSignOnCopy, RemoveHeadersOnCopy, ); }; };
		45B3F5C21E7487D7007032E0 /* FilterViewController.swift in Sources */ = {isa = PBXBuildFile; fileRef = 45B3F5C11E7487D7007032E0 /* FilterViewController.swift */; };
		45C569941E08678A00D9B0A8 /* arrow.png in Resources */ = {isa = PBXBuildFile; fileRef = 45C569931E08678A00D9B0A8 /* arrow.png */; };
		45C569981E086B4F00D9B0A8 /* arrow_0.png in Resources */ = {isa = PBXBuildFile; fileRef = 45C569951E086B4F00D9B0A8 /* arrow_0.png */; };
		45C569991E086B4F00D9B0A8 /* arrow_1.png in Resources */ = {isa = PBXBuildFile; fileRef = 45C569961E086B4F00D9B0A8 /* arrow_1.png */; };
		45C5699A1E086B4F00D9B0A8 /* arrow_2.png in Resources */ = {isa = PBXBuildFile; fileRef = 45C569971E086B4F00D9B0A8 /* arrow_2.png */; };
		45E535301DFB2AA10047FA9C /* SelectImportViewController.swift in Sources */ = {isa = PBXBuildFile; fileRef = 45E5352F1DFB2AA10047FA9C /* SelectImportViewController.swift */; };
		45E535321DFF7D100047FA9C /* PreviewViewController.swift in Sources */ = {isa = PBXBuildFile; fileRef = 45E535311DFF7D100047FA9C /* PreviewViewController.swift */; };
		45F4632E1DF8B00000CE87BE /* AppDelegate.swift in Sources */ = {isa = PBXBuildFile; fileRef = 45F4632D1DF8B00000CE87BE /* AppDelegate.swift */; };
		45F463301DF8B00000CE87BE /* ViewController.swift in Sources */ = {isa = PBXBuildFile; fileRef = 45F4632F1DF8B00000CE87BE /* ViewController.swift */; };
		45F463351DF8B00000CE87BE /* Assets.xcassets in Resources */ = {isa = PBXBuildFile; fileRef = 45F463341DF8B00000CE87BE /* Assets.xcassets */; };
		45F463381DF8B00000CE87BE /* LaunchScreen.storyboard in Resources */ = {isa = PBXBuildFile; fileRef = 45F463361DF8B00000CE87BE /* LaunchScreen.storyboard */; };
		45F463401DF8B05400CE87BE /* VideoSectionView.swift in Sources */ = {isa = PBXBuildFile; fileRef = 45F4633F1DF8B05400CE87BE /* VideoSectionView.swift */; };
		45F463421DF8B2C700CE87BE /* videoBg.png in Resources */ = {isa = PBXBuildFile; fileRef = 45F463411DF8B2C700CE87BE /* videoBg.png */; };
		6A57AE4F1C9FC175B5E6DC57 /* Pods_StorytellingVideo.framework in Frameworks */ = {isa = PBXBuildFile; fileRef = EC566C0A28E993251CAB7796 /* Pods_StorytellingVideo.framework */; };
/* End PBXBuildFile section */

/* Begin PBXContainerItemProxy section */
		45A987921E74925300934AB4 /* PBXContainerItemProxy */ = {
			isa = PBXContainerItemProxy;
			containerPortal = 45A9878B1E74925300934AB4 /* GPUImage.xcodeproj */;
			proxyType = 2;
			remoteGlobalIDString = BC6E7CAB1C39A9D8006DF678;
			remoteInfo = GPUImage_macOS;
		};
		45A987941E74925300934AB4 /* PBXContainerItemProxy */ = {
			isa = PBXContainerItemProxy;
			containerPortal = 45A9878B1E74925300934AB4 /* GPUImage.xcodeproj */;
			proxyType = 2;
			remoteGlobalIDString = BC6E7CB51C39A9D8006DF678;
			remoteInfo = GPUImageTests_macOS;
		};
		45A987961E74925300934AB4 /* PBXContainerItemProxy */ = {
			isa = PBXContainerItemProxy;
			containerPortal = 45A9878B1E74925300934AB4 /* GPUImage.xcodeproj */;
			proxyType = 2;
			remoteGlobalIDString = BC9E34E91E524A2200B8604F;
			remoteInfo = GPUImage_iOS;
		};
		45A987981E74925300934AB4 /* PBXContainerItemProxy */ = {
			isa = PBXContainerItemProxy;
			containerPortal = 45A9878B1E74925300934AB4 /* GPUImage.xcodeproj */;
			proxyType = 2;
			remoteGlobalIDString = BC9E34F11E524A2200B8604F;
			remoteInfo = GPUImageTests_iOS;
		};
/* End PBXContainerItemProxy section */

/* Begin PBXCopyFilesBuildPhase section */
		45A9879B1E7492CC00934AB4 /* CopyFiles */ = {
			isa = PBXCopyFilesBuildPhase;
			buildActionMask = 2147483647;
			dstPath = "";
			dstSubfolderSpec = 10;
			files = (
				45A9879C1E7492F000934AB4 /* GPUImage.framework in CopyFiles */,
			);
			runOnlyForDeploymentPostprocessing = 0;
		};
/* End PBXCopyFilesBuildPhase section */

/* Begin PBXFileReference section */
		2F2A967603077E52DA680B99 /* Pods-StorytellingVideo.debug.xcconfig */ = {isa = PBXFileReference; includeInIndex = 1; lastKnownFileType = text.xcconfig; name = "Pods-StorytellingVideo.debug.xcconfig"; path = "Pods/Target Support Files/Pods-StorytellingVideo/Pods-StorytellingVideo.debug.xcconfig"; sourceTree = "<group>"; };
		4505AA831E89D56D00643ACA /* Filterchain.swift */ = {isa = PBXFileReference; fileEncoding = 4; lastKnownFileType = sourcecode.swift; path = Filterchain.swift; sourceTree = "<group>"; };
		4505AA8A1E89DCA600643ACA /* CameraViewController.swift */ = {isa = PBXFileReference; fileEncoding = 4; lastKnownFileType = sourcecode.swift; name = CameraViewController.swift; path = StorytellingVideo/CameraViewController.swift; sourceTree = "<group>"; };
		450B9E671E02167D0066037E /* SlotView.swift */ = {isa = PBXFileReference; fileEncoding = 4; lastKnownFileType = sourcecode.swift; path = SlotView.swift; sourceTree = "<group>"; };
		452247B81E9D7D5A00487EBF /* Bolts.framework */ = {isa = PBXFileReference; lastKnownFileType = wrapper.framework; path = Bolts.framework; sourceTree = "<group>"; };
		452247B91E9D7D5A00487EBF /* FBSDKCoreKit.framework */ = {isa = PBXFileReference; lastKnownFileType = wrapper.framework; path = FBSDKCoreKit.framework; sourceTree = "<group>"; };
		452247BA1E9D7D5A00487EBF /* FBSDKLoginKit.framework */ = {isa = PBXFileReference; lastKnownFileType = wrapper.framework; path = FBSDKLoginKit.framework; sourceTree = "<group>"; };
		452247BB1E9D7D5A00487EBF /* FBSDKShareKit.framework */ = {isa = PBXFileReference; lastKnownFileType = wrapper.framework; path = FBSDKShareKit.framework; sourceTree = "<group>"; };
		452247CE1E9DBC2F00487EBF /* captureBtn_1.png */ = {isa = PBXFileReference; lastKnownFileType = image.png; path = captureBtn_1.png; sourceTree = "<group>"; };
		452247CF1E9DBC2F00487EBF /* captureBtn_2.png */ = {isa = PBXFileReference; lastKnownFileType = image.png; path = captureBtn_2.png; sourceTree = "<group>"; };
		45557FF31E01F9EC008714AD /* crossBtn.png */ = {isa = PBXFileReference; lastKnownFileType = image.png; path = crossBtn.png; sourceTree = "<group>"; };
		456CA3751EAF0086003E3541 /* SF-UI-Display-Semibold.otf */ = {isa = PBXFileReference; lastKnownFileType = file; path = "SF-UI-Display-Semibold.otf"; sourceTree = "<group>"; };
		456CA37B1EAF0287003E3541 /* SF-UI-Display-Bold.otf */ = {isa = PBXFileReference; lastKnownFileType = file; path = "SF-UI-Display-Bold.otf"; sourceTree = "<group>"; };
		456CA37E1EAFEDE1003E3541 /* backBtn.png */ = {isa = PBXFileReference; lastKnownFileType = image.png; path = backBtn.png; sourceTree = "<group>"; };
		456CA3861EB02080003E3541 /* bottomBar.png */ = {isa = PBXFileReference; lastKnownFileType = image.png; path = bottomBar.png; sourceTree = "<group>"; };
		456CA3871EB02080003E3541 /* topBar.png */ = {isa = PBXFileReference; lastKnownFileType = image.png; path = topBar.png; sourceTree = "<group>"; };
		456CA38A1EB022A8003E3541 /* playBtn.png */ = {isa = PBXFileReference; lastKnownFileType = image.png; path = playBtn.png; sourceTree = "<group>"; };
		456CA38C1EB02854003E3541 /* trimBtn.png */ = {isa = PBXFileReference; lastKnownFileType = image.png; path = trimBtn.png; sourceTree = "<group>"; };
		456CA38E1EB02B66003E3541 /* deleteBtn.png */ = {isa = PBXFileReference; lastKnownFileType = image.png; path = deleteBtn.png; sourceTree = "<group>"; };
		456CA3901EB02C64003E3541 /* fbBtn.png */ = {isa = PBXFileReference; lastKnownFileType = image.png; path = fbBtn.png; sourceTree = "<group>"; };
		456CA3931EB101DC003E3541 /* redDot.png */ = {isa = PBXFileReference; lastKnownFileType = image.png; path = redDot.png; sourceTree = "<group>"; };
		456CA3941EB101DC003E3541 /* timerBg.png */ = {isa = PBXFileReference; lastKnownFileType = image.png; path = timerBg.png; sourceTree = "<group>"; };
		456CA39B1EB102A9003E3541 /* TimerView.swift */ = {isa = PBXFileReference; fileEncoding = 4; lastKnownFileType = sourcecode.swift; path = TimerView.swift; sourceTree = "<group>"; };
		45A5B5341E92B9240056825A /* ToyViewController.swift */ = {isa = PBXFileReference; fileEncoding = 4; lastKnownFileType = sourcecode.swift; path = ToyViewController.swift; sourceTree = "<group>"; };
		45A9878B1E74925300934AB4 /* GPUImage.xcodeproj */ = {isa = PBXFileReference; lastKnownFileType = "wrapper.pb-project"; name = GPUImage.xcodeproj; path = "../../../../Downloads/GPUImage2-master 3/framework/GPUImage.xcodeproj"; sourceTree = "<group>"; };
		45B3F5C11E7487D7007032E0 /* FilterViewController.swift */ = {isa = PBXFileReference; fileEncoding = 4; lastKnownFileType = sourcecode.swift; name = FilterViewController.swift; path = StorytellingVideo/FilterViewController.swift; sourceTree = "<group>"; };
		45C569931E08678A00D9B0A8 /* arrow.png */ = {isa = PBXFileReference; lastKnownFileType = image.png; path = arrow.png; sourceTree = "<group>"; };
		45C569951E086B4F00D9B0A8 /* arrow_0.png */ = {isa = PBXFileReference; lastKnownFileType = image.png; path = arrow_0.png; sourceTree = "<group>"; };
		45C569961E086B4F00D9B0A8 /* arrow_1.png */ = {isa = PBXFileReference; lastKnownFileType = image.png; path = arrow_1.png; sourceTree = "<group>"; };
		45C569971E086B4F00D9B0A8 /* arrow_2.png */ = {isa = PBXFileReference; lastKnownFileType = image.png; path = arrow_2.png; sourceTree = "<group>"; };
		45E5352F1DFB2AA10047FA9C /* SelectImportViewController.swift */ = {isa = PBXFileReference; fileEncoding = 4; lastKnownFileType = sourcecode.swift; name = SelectImportViewController.swift; path = StorytellingVideo/SelectImportViewController.swift; sourceTree = "<group>"; };
		45E535311DFF7D100047FA9C /* PreviewViewController.swift */ = {isa = PBXFileReference; fileEncoding = 4; lastKnownFileType = sourcecode.swift; path = PreviewViewController.swift; sourceTree = "<group>"; };
		45F4632A1DF8B00000CE87BE /* StorytellingVideo.app */ = {isa = PBXFileReference; explicitFileType = wrapper.application; includeInIndex = 0; path = StorytellingVideo.app; sourceTree = BUILT_PRODUCTS_DIR; };
		45F4632D1DF8B00000CE87BE /* AppDelegate.swift */ = {isa = PBXFileReference; lastKnownFileType = sourcecode.swift; path = AppDelegate.swift; sourceTree = "<group>"; };
		45F4632F1DF8B00000CE87BE /* ViewController.swift */ = {isa = PBXFileReference; lastKnownFileType = sourcecode.swift; path = ViewController.swift; sourceTree = "<group>"; };
		45F463341DF8B00000CE87BE /* Assets.xcassets */ = {isa = PBXFileReference; lastKnownFileType = folder.assetcatalog; path = Assets.xcassets; sourceTree = "<group>"; };
		45F463371DF8B00000CE87BE /* Base */ = {isa = PBXFileReference; lastKnownFileType = file.storyboard; name = Base; path = Base.lproj/LaunchScreen.storyboard; sourceTree = "<group>"; };
		45F463391DF8B00000CE87BE /* Info.plist */ = {isa = PBXFileReference; lastKnownFileType = text.plist.xml; path = Info.plist; sourceTree = "<group>"; };
		45F4633F1DF8B05400CE87BE /* VideoSectionView.swift */ = {isa = PBXFileReference; fileEncoding = 4; lastKnownFileType = sourcecode.swift; path = VideoSectionView.swift; sourceTree = "<group>"; };
		45F463411DF8B2C700CE87BE /* videoBg.png */ = {isa = PBXFileReference; lastKnownFileType = image.png; path = videoBg.png; sourceTree = "<group>"; };
		9110DF711EBB24DDCF57484E /* Pods-StorytellingVideo.release.xcconfig */ = {isa = PBXFileReference; includeInIndex = 1; lastKnownFileType = text.xcconfig; name = "Pods-StorytellingVideo.release.xcconfig"; path = "Pods/Target Support Files/Pods-StorytellingVideo/Pods-StorytellingVideo.release.xcconfig"; sourceTree = "<group>"; };
		EC566C0A28E993251CAB7796 /* Pods_StorytellingVideo.framework */ = {isa = PBXFileReference; explicitFileType = wrapper.framework; includeInIndex = 0; path = Pods_StorytellingVideo.framework; sourceTree = BUILT_PRODUCTS_DIR; };
/* End PBXFileReference section */

/* Begin PBXFrameworksBuildPhase section */
		45F463271DF8B00000CE87BE /* Frameworks */ = {
			isa = PBXFrameworksBuildPhase;
			buildActionMask = 2147483647;
			files = (
				452247BC1E9D7D5A00487EBF /* Bolts.framework in Frameworks */,
				452247BD1E9D7D5A00487EBF /* FBSDKCoreKit.framework in Frameworks */,
				452247BF1E9D7D5A00487EBF /* FBSDKShareKit.framework in Frameworks */,
				452247BE1E9D7D5A00487EBF /* FBSDKLoginKit.framework in Frameworks */,
				45A9879A1E7492AE00934AB4 /* GPUImage.framework in Frameworks */,
				6A57AE4F1C9FC175B5E6DC57 /* Pods_StorytellingVideo.framework in Frameworks */,
			);
			runOnlyForDeploymentPostprocessing = 0;
		};
/* End PBXFrameworksBuildPhase section */

/* Begin PBXGroup section */
		0F4FCBC1AFCD649125425ACF /* Frameworks */ = {
			isa = PBXGroup;
			children = (
				452247B81E9D7D5A00487EBF /* Bolts.framework */,
				452247B91E9D7D5A00487EBF /* FBSDKCoreKit.framework */,
				452247BA1E9D7D5A00487EBF /* FBSDKLoginKit.framework */,
				452247BB1E9D7D5A00487EBF /* FBSDKShareKit.framework */,
				EC566C0A28E993251CAB7796 /* Pods_StorytellingVideo.framework */,
			);
			name = Frameworks;
			sourceTree = "<group>";
		};
		45A9878C1E74925300934AB4 /* Products */ = {
			isa = PBXGroup;
			children = (
				45A987931E74925300934AB4 /* GPUImage.framework */,
				45A987951E74925300934AB4 /* GPUImageTests_macOS.xctest */,
				45A987971E74925300934AB4 /* GPUImage.framework */,
				45A987991E74925300934AB4 /* GPUImageTests_iOS.xctest */,
			);
			name = Products;
			sourceTree = "<group>";
		};
		45F463211DF8B00000CE87BE = {
			isa = PBXGroup;
			children = (
				45A9878B1E74925300934AB4 /* GPUImage.xcodeproj */,
				45F4632C1DF8B00000CE87BE /* StorytellingVideo */,
				45B3F5C11E7487D7007032E0 /* FilterViewController.swift */,
				45E5352F1DFB2AA10047FA9C /* SelectImportViewController.swift */,
				4505AA8A1E89DCA600643ACA /* CameraViewController.swift */,
				45F4632B1DF8B00000CE87BE /* Products */,
				ED6A6F4A535F4C31492F47E1 /* Pods */,
				0F4FCBC1AFCD649125425ACF /* Frameworks */,
			);
			sourceTree = "<group>";
		};
		45F4632B1DF8B00000CE87BE /* Products */ = {
			isa = PBXGroup;
			children = (
				45F4632A1DF8B00000CE87BE /* StorytellingVideo.app */,
			);
			name = Products;
			sourceTree = "<group>";
		};
		45F4632C1DF8B00000CE87BE /* StorytellingVideo */ = {
			isa = PBXGroup;
			children = (
				45F4632D1DF8B00000CE87BE /* AppDelegate.swift */,
				45F4632F1DF8B00000CE87BE /* ViewController.swift */,
				450B9E671E02167D0066037E /* SlotView.swift */,
				45A5B5341E92B9240056825A /* ToyViewController.swift */,
				45F4633F1DF8B05400CE87BE /* VideoSectionView.swift */,
				456CA39B1EB102A9003E3541 /* TimerView.swift */,
				45E535311DFF7D100047FA9C /* PreviewViewController.swift */,
				4505AA831E89D56D00643ACA /* Filterchain.swift */,
				45F463411DF8B2C700CE87BE /* videoBg.png */,
				45557FF31E01F9EC008714AD /* crossBtn.png */,
				45C569931E08678A00D9B0A8 /* arrow.png */,
				45C569951E086B4F00D9B0A8 /* arrow_0.png */,
				45C569961E086B4F00D9B0A8 /* arrow_1.png */,
				45C569971E086B4F00D9B0A8 /* arrow_2.png */,
				456CA37E1EAFEDE1003E3541 /* backBtn.png */,
				452247CE1E9DBC2F00487EBF /* captureBtn_1.png */,
				452247CF1E9DBC2F00487EBF /* captureBtn_2.png */,
				456CA3861EB02080003E3541 /* bottomBar.png */,
				456CA3871EB02080003E3541 /* topBar.png */,
				456CA38A1EB022A8003E3541 /* playBtn.png */,
				456CA38C1EB02854003E3541 /* trimBtn.png */,
				456CA38E1EB02B66003E3541 /* deleteBtn.png */,
				456CA3901EB02C64003E3541 /* fbBtn.png */,
				456CA3931EB101DC003E3541 /* redDot.png */,
				456CA3941EB101DC003E3541 /* timerBg.png */,
				45F463341DF8B00000CE87BE /* Assets.xcassets */,
				45F463361DF8B00000CE87BE /* LaunchScreen.storyboard */,
				45F463391DF8B00000CE87BE /* Info.plist */,
				456CA37B1EAF0287003E3541 /* SF-UI-Display-Bold.otf */,
				456CA3751EAF0086003E3541 /* SF-UI-Display-Semibold.otf */,
			);
			path = StorytellingVideo;
			sourceTree = "<group>";
		};
		ED6A6F4A535F4C31492F47E1 /* Pods */ = {
			isa = PBXGroup;
			children = (
				2F2A967603077E52DA680B99 /* Pods-StorytellingVideo.debug.xcconfig */,
				9110DF711EBB24DDCF57484E /* Pods-StorytellingVideo.release.xcconfig */,
			);
			name = Pods;
			sourceTree = "<group>";
		};
/* End PBXGroup section */

/* Begin PBXNativeTarget section */
		45F463291DF8B00000CE87BE /* StorytellingVideo */ = {
			isa = PBXNativeTarget;
			buildConfigurationList = 45F4633C1DF8B00000CE87BE /* Build configuration list for PBXNativeTarget "StorytellingVideo" */;
			buildPhases = (
				74258847DF4B4C60CA040E33 /* [CP] Check Pods Manifest.lock */,
				45F463261DF8B00000CE87BE /* Sources */,
				45F463271DF8B00000CE87BE /* Frameworks */,
				45F463281DF8B00000CE87BE /* Resources */,
				45A9879B1E7492CC00934AB4 /* CopyFiles */,
				755F18E2B1A47301D3B91C03 /* [CP] Embed Pods Frameworks */,
				ACB0B6D673B922460960F350 /* [CP] Copy Pods Resources */,
			);
			buildRules = (
			);
			dependencies = (
			);
			name = StorytellingVideo;
			productName = StorytellingVideo;
			productReference = 45F4632A1DF8B00000CE87BE /* StorytellingVideo.app */;
			productType = "com.apple.product-type.application";
		};
/* End PBXNativeTarget section */

/* Begin PBXProject section */
		45F463221DF8B00000CE87BE /* Project object */ = {
			isa = PBXProject;
			attributes = {
				LastSwiftUpdateCheck = 0810;
				LastUpgradeCheck = 0820;
				ORGANIZATIONNAME = "Wanqiao Wu";
				TargetAttributes = {
					45F463291DF8B00000CE87BE = {
						CreatedOnToolsVersion = 8.1;
						DevelopmentTeam = 2P73JXLGWC;
						ProvisioningStyle = Automatic;
					};
				};
			};
			buildConfigurationList = 45F463251DF8B00000CE87BE /* Build configuration list for PBXProject "StorytellingVideo" */;
			compatibilityVersion = "Xcode 3.2";
			developmentRegion = English;
			hasScannedForEncodings = 0;
			knownRegions = (
				en,
				Base,
			);
			mainGroup = 45F463211DF8B00000CE87BE;
			productRefGroup = 45F4632B1DF8B00000CE87BE /* Products */;
			projectDirPath = "";
			projectReferences = (
				{
					ProductGroup = 45A9878C1E74925300934AB4 /* Products */;
					ProjectRef = 45A9878B1E74925300934AB4 /* GPUImage.xcodeproj */;
				},
			);
			projectRoot = "";
			targets = (
				45F463291DF8B00000CE87BE /* StorytellingVideo */,
			);
		};
/* End PBXProject section */

/* Begin PBXReferenceProxy section */
		45A987931E74925300934AB4 /* GPUImage.framework */ = {
			isa = PBXReferenceProxy;
			fileType = wrapper.framework;
			path = GPUImage.framework;
			remoteRef = 45A987921E74925300934AB4 /* PBXContainerItemProxy */;
			sourceTree = BUILT_PRODUCTS_DIR;
		};
		45A987951E74925300934AB4 /* GPUImageTests_macOS.xctest */ = {
			isa = PBXReferenceProxy;
			fileType = wrapper.cfbundle;
			path = GPUImageTests_macOS.xctest;
			remoteRef = 45A987941E74925300934AB4 /* PBXContainerItemProxy */;
			sourceTree = BUILT_PRODUCTS_DIR;
		};
		45A987971E74925300934AB4 /* GPUImage.framework */ = {
			isa = PBXReferenceProxy;
			fileType = wrapper.framework;
			path = GPUImage.framework;
			remoteRef = 45A987961E74925300934AB4 /* PBXContainerItemProxy */;
			sourceTree = BUILT_PRODUCTS_DIR;
		};
		45A987991E74925300934AB4 /* GPUImageTests_iOS.xctest */ = {
			isa = PBXReferenceProxy;
			fileType = wrapper.cfbundle;
			path = GPUImageTests_iOS.xctest;
			remoteRef = 45A987981E74925300934AB4 /* PBXContainerItemProxy */;
			sourceTree = BUILT_PRODUCTS_DIR;
		};
/* End PBXReferenceProxy section */

/* Begin PBXResourcesBuildPhase section */
		45F463281DF8B00000CE87BE /* Resources */ = {
			isa = PBXResourcesBuildPhase;
			buildActionMask = 2147483647;
			files = (
				45557FF41E01F9EC008714AD /* crossBtn.png in Resources */,
				456CA3911EB02C64003E3541 /* fbBtn.png in Resources */,
				456CA38D1EB02854003E3541 /* trimBtn.png in Resources */,
				45C569991E086B4F00D9B0A8 /* arrow_1.png in Resources */,
				452247D01E9DBC2F00487EBF /* captureBtn_1.png in Resources */,
				456CA3881EB02080003E3541 /* bottomBar.png in Resources */,
				456CA3961EB101DC003E3541 /* timerBg.png in Resources */,
				45C5699A1E086B4F00D9B0A8 /* arrow_2.png in Resources */,
				456CA38B1EB022A8003E3541 /* playBtn.png in Resources */,
				456CA38F1EB02B66003E3541 /* deleteBtn.png in Resources */,
				456CA3891EB02080003E3541 /* topBar.png in Resources */,
				45F463381DF8B00000CE87BE /* LaunchScreen.storyboard in Resources */,
				45C569981E086B4F00D9B0A8 /* arrow_0.png in Resources */,
				452247D11E9DBC2F00487EBF /* captureBtn_2.png in Resources */,
				45F463351DF8B00000CE87BE /* Assets.xcassets in Resources */,
				45C569941E08678A00D9B0A8 /* arrow.png in Resources */,
				456CA3951EB101DC003E3541 /* redDot.png in Resources */,
				45F463421DF8B2C700CE87BE /* videoBg.png in Resources */,
				456CA37C1EAF0287003E3541 /* SF-UI-Display-Bold.otf in Resources */,
				456CA37F1EAFEDE1003E3541 /* backBtn.png in Resources */,
				456CA3761EAF0086003E3541 /* SF-UI-Display-Semibold.otf in Resources */,
			);
			runOnlyForDeploymentPostprocessing = 0;
		};
/* End PBXResourcesBuildPhase section */

/* Begin PBXShellScriptBuildPhase section */
		74258847DF4B4C60CA040E33 /* [CP] Check Pods Manifest.lock */ = {
			isa = PBXShellScriptBuildPhase;
			buildActionMask = 2147483647;
			files = (
			);
			inputPaths = (
			);
			name = "[CP] Check Pods Manifest.lock";
			outputPaths = (
			);
			runOnlyForDeploymentPostprocessing = 0;
			shellPath = /bin/sh;
			shellScript = "diff \"${PODS_ROOT}/../Podfile.lock\" \"${PODS_ROOT}/Manifest.lock\" > /dev/null\nif [ $? != 0 ] ; then\n    # print error to STDERR\n    echo \"error: The sandbox is not in sync with the Podfile.lock. Run 'pod install' or update your CocoaPods installation.\" >&2\n    exit 1\nfi\n";
			showEnvVarsInLog = 0;
		};
		755F18E2B1A47301D3B91C03 /* [CP] Embed Pods Frameworks */ = {
			isa = PBXShellScriptBuildPhase;
			buildActionMask = 2147483647;
			files = (
			);
			inputPaths = (
			);
			name = "[CP] Embed Pods Frameworks";
			outputPaths = (
			);
			runOnlyForDeploymentPostprocessing = 0;
			shellPath = /bin/sh;
			shellScript = "\"${SRCROOT}/Pods/Target Support Files/Pods-StorytellingVideo/Pods-StorytellingVideo-frameworks.sh\"\n";
			showEnvVarsInLog = 0;
		};
		ACB0B6D673B922460960F350 /* [CP] Copy Pods Resources */ = {
			isa = PBXShellScriptBuildPhase;
			buildActionMask = 2147483647;
			files = (
			);
			inputPaths = (
			);
			name = "[CP] Copy Pods Resources";
			outputPaths = (
			);
			runOnlyForDeploymentPostprocessing = 0;
			shellPath = /bin/sh;
			shellScript = "\"${SRCROOT}/Pods/Target Support Files/Pods-StorytellingVideo/Pods-StorytellingVideo-resources.sh\"\n";
			showEnvVarsInLog = 0;
		};
/* End PBXShellScriptBuildPhase section */

/* Begin PBXSourcesBuildPhase section */
		45F463261DF8B00000CE87BE /* Sources */ = {
			isa = PBXSourcesBuildPhase;
			buildActionMask = 2147483647;
			files = (
				45B3F5C21E7487D7007032E0 /* FilterViewController.swift in Sources */,
				450B9E681E02167D0066037E /* SlotView.swift in Sources */,
				45F463301DF8B00000CE87BE /* ViewController.swift in Sources */,
				45F463401DF8B05400CE87BE /* VideoSectionView.swift in Sources */,
				45E535301DFB2AA10047FA9C /* SelectImportViewController.swift in Sources */,
				4505AA841E89D56D00643ACA /* Filterchain.swift in Sources */,
				456CA39C1EB102A9003E3541 /* TimerView.swift in Sources */,
				45E535321DFF7D100047FA9C /* PreviewViewController.swift in Sources */,
				45F4632E1DF8B00000CE87BE /* AppDelegate.swift in Sources */,
				4505AA8B1E89DCA600643ACA /* CameraViewController.swift in Sources */,
				45A5B5351E92B9240056825A /* ToyViewController.swift in Sources */,
			);
			runOnlyForDeploymentPostprocessing = 0;
		};
/* End PBXSourcesBuildPhase section */

/* Begin PBXVariantGroup section */
		45F463361DF8B00000CE87BE /* LaunchScreen.storyboard */ = {
			isa = PBXVariantGroup;
			children = (
				45F463371DF8B00000CE87BE /* Base */,
			);
			name = LaunchScreen.storyboard;
			sourceTree = "<group>";
		};
/* End PBXVariantGroup section */

/* Begin XCBuildConfiguration section */
		45F4633A1DF8B00000CE87BE /* Debug */ = {
			isa = XCBuildConfiguration;
			buildSettings = {
				ALWAYS_SEARCH_USER_PATHS = NO;
				CLANG_ANALYZER_NONNULL = YES;
				CLANG_CXX_LANGUAGE_STANDARD = "gnu++0x";
				CLANG_CXX_LIBRARY = "libc++";
				CLANG_ENABLE_MODULES = YES;
				CLANG_ENABLE_OBJC_ARC = YES;
				CLANG_WARN_BOOL_CONVERSION = YES;
				CLANG_WARN_CONSTANT_CONVERSION = YES;
				CLANG_WARN_DIRECT_OBJC_ISA_USAGE = YES_ERROR;
				CLANG_WARN_DOCUMENTATION_COMMENTS = YES;
				CLANG_WARN_EMPTY_BODY = YES;
				CLANG_WARN_ENUM_CONVERSION = YES;
				CLANG_WARN_INFINITE_RECURSION = YES;
				CLANG_WARN_INT_CONVERSION = YES;
				CLANG_WARN_OBJC_ROOT_CLASS = YES_ERROR;
				CLANG_WARN_SUSPICIOUS_MOVE = YES;
				CLANG_WARN_SUSPICIOUS_MOVES = YES;
				CLANG_WARN_UNREACHABLE_CODE = YES;
				CLANG_WARN__DUPLICATE_METHOD_MATCH = YES;
				"CODE_SIGN_IDENTITY[sdk=iphoneos*]" = "iPhone Developer";
				COPY_PHASE_STRIP = NO;
				DEBUG_INFORMATION_FORMAT = dwarf;
				ENABLE_STRICT_OBJC_MSGSEND = YES;
				ENABLE_TESTABILITY = YES;
				GCC_C_LANGUAGE_STANDARD = gnu99;
				GCC_DYNAMIC_NO_PIC = NO;
				GCC_NO_COMMON_BLOCKS = YES;
				GCC_OPTIMIZATION_LEVEL = 0;
				GCC_PREPROCESSOR_DEFINITIONS = (
					"DEBUG=1",
					"$(inherited)",
				);
				GCC_WARN_64_TO_32_BIT_CONVERSION = YES;
				GCC_WARN_ABOUT_RETURN_TYPE = YES_ERROR;
				GCC_WARN_UNDECLARED_SELECTOR = YES;
				GCC_WARN_UNINITIALIZED_AUTOS = YES_AGGRESSIVE;
				GCC_WARN_UNUSED_FUNCTION = YES;
				GCC_WARN_UNUSED_VARIABLE = YES;
				IPHONEOS_DEPLOYMENT_TARGET = 10.1;
				MTL_ENABLE_DEBUG_INFO = YES;
				ONLY_ACTIVE_ARCH = YES;
				SDKROOT = iphoneos;
				SWIFT_ACTIVE_COMPILATION_CONDITIONS = DEBUG;
				SWIFT_OPTIMIZATION_LEVEL = "-Onone";
			};
			name = Debug;
		};
		45F4633B1DF8B00000CE87BE /* Release */ = {
			isa = XCBuildConfiguration;
			buildSettings = {
				ALWAYS_SEARCH_USER_PATHS = NO;
				CLANG_ANALYZER_NONNULL = YES;
				CLANG_CXX_LANGUAGE_STANDARD = "gnu++0x";
				CLANG_CXX_LIBRARY = "libc++";
				CLANG_ENABLE_MODULES = YES;
				CLANG_ENABLE_OBJC_ARC = YES;
				CLANG_WARN_BOOL_CONVERSION = YES;
				CLANG_WARN_CONSTANT_CONVERSION = YES;
				CLANG_WARN_DIRECT_OBJC_ISA_USAGE = YES_ERROR;
				CLANG_WARN_DOCUMENTATION_COMMENTS = YES;
				CLANG_WARN_EMPTY_BODY = YES;
				CLANG_WARN_ENUM_CONVERSION = YES;
				CLANG_WARN_INFINITE_RECURSION = YES;
				CLANG_WARN_INT_CONVERSION = YES;
				CLANG_WARN_OBJC_ROOT_CLASS = YES_ERROR;
				CLANG_WARN_SUSPICIOUS_MOVE = YES;
				CLANG_WARN_SUSPICIOUS_MOVES = YES;
				CLANG_WARN_UNREACHABLE_CODE = YES;
				CLANG_WARN__DUPLICATE_METHOD_MATCH = YES;
				"CODE_SIGN_IDENTITY[sdk=iphoneos*]" = "iPhone Developer";
				COPY_PHASE_STRIP = NO;
				DEBUG_INFORMATION_FORMAT = "dwarf-with-dsym";
				ENABLE_NS_ASSERTIONS = NO;
				ENABLE_STRICT_OBJC_MSGSEND = YES;
				GCC_C_LANGUAGE_STANDARD = gnu99;
				GCC_NO_COMMON_BLOCKS = YES;
				GCC_WARN_64_TO_32_BIT_CONVERSION = YES;
				GCC_WARN_ABOUT_RETURN_TYPE = YES_ERROR;
				GCC_WARN_UNDECLARED_SELECTOR = YES;
				GCC_WARN_UNINITIALIZED_AUTOS = YES_AGGRESSIVE;
				GCC_WARN_UNUSED_FUNCTION = YES;
				GCC_WARN_UNUSED_VARIABLE = YES;
				IPHONEOS_DEPLOYMENT_TARGET = 10.1;
				MTL_ENABLE_DEBUG_INFO = NO;
				SDKROOT = iphoneos;
				SWIFT_OPTIMIZATION_LEVEL = "-Owholemodule";
				VALIDATE_PRODUCT = YES;
			};
			name = Release;
		};
		45F4633D1DF8B00000CE87BE /* Debug */ = {
			isa = XCBuildConfiguration;
			baseConfigurationReference = 2F2A967603077E52DA680B99 /* Pods-StorytellingVideo.debug.xcconfig */;
			buildSettings = {
				ASSETCATALOG_COMPILER_APPICON_NAME = AppIcon;
				DEVELOPMENT_TEAM = 2P73JXLGWC;
				FRAMEWORK_SEARCH_PATHS = (
					"$(inherited)",
					"$(PROJECT_DIR)",
				);
				INFOPLIST_FILE = StorytellingVideo/Info.plist;
				IPHONEOS_DEPLOYMENT_TARGET = 9.3;
				LD_RUNPATH_SEARCH_PATHS = "$(inherited) @executable_path/Frameworks";
				PRODUCT_BUNDLE_IDENTIFIER = "Wanqiao-Wu.StorytellingVideo";
				PRODUCT_NAME = "$(TARGET_NAME)";
				SWIFT_VERSION = 3.0;
			};
			name = Debug;
		};
		45F4633E1DF8B00000CE87BE /* Release */ = {
			isa = XCBuildConfiguration;
			baseConfigurationReference = 9110DF711EBB24DDCF57484E /* Pods-StorytellingVideo.release.xcconfig */;
			buildSettings = {
				ASSETCATALOG_COMPILER_APPICON_NAME = AppIcon;
				DEVELOPMENT_TEAM = 2P73JXLGWC;
				FRAMEWORK_SEARCH_PATHS = (
					"$(inherited)",
					"$(PROJECT_DIR)",
				);
				INFOPLIST_FILE = StorytellingVideo/Info.plist;
				IPHONEOS_DEPLOYMENT_TARGET = 9.3;
				LD_RUNPATH_SEARCH_PATHS = "$(inherited) @executable_path/Frameworks";
				PRODUCT_BUNDLE_IDENTIFIER = "Wanqiao-Wu.StorytellingVideo";
				PRODUCT_NAME = "$(TARGET_NAME)";
				SWIFT_VERSION = 3.0;
			};
			name = Release;
		};
/* End XCBuildConfiguration section */

/* Begin XCConfigurationList section */
		45F463251DF8B00000CE87BE /* Build configuration list for PBXProject "StorytellingVideo" */ = {
			isa = XCConfigurationList;
			buildConfigurations = (
				45F4633A1DF8B00000CE87BE /* Debug */,
				45F4633B1DF8B00000CE87BE /* Release */,
			);
			defaultConfigurationIsVisible = 0;
			defaultConfigurationName = Release;
		};
		45F4633C1DF8B00000CE87BE /* Build configuration list for PBXNativeTarget "StorytellingVideo" */ = {
			isa = XCConfigurationList;
			buildConfigurations = (
				45F4633D1DF8B00000CE87BE /* Debug */,
				45F4633E1DF8B00000CE87BE /* Release */,
			);
			defaultConfigurationIsVisible = 0;
			defaultConfigurationName = Release;
		};
/* End XCConfigurationList section */
	};
	rootObject = 45F463221DF8B00000CE87BE /* Project object */;
}
